
Microsoft Visual Studio Solution File, Format Version 12.00
# Visual Studio 15
VisualStudioVersion = 15.0.28307.1169
MinimumVisualStudioVersion = 10.0.40219.1
Project("{FAE04EC0-301F-11D3-BF4B-00C04F79EFBC}") = "ExercicioProposto", "ExercicioProposto\ExercicioProposto.csproj", "{DBFE8B3C-20DF-4CE1-BED1-BF153FD5C261}"
EndProject
Global
	GlobalSection(SolutionConfigurationPlatforms) = preSolution
		Debug|Any CPU = Debug|Any CPU
		Release|Any CPU = Release|Any CPU
	EndGlobalSection
	GlobalSection(ProjectConfigurationPlatforms) = postSolution
		{DBFE8B3C-20DF-4CE1-BED1-BF153FD5C261}.Debug|Any CPU.ActiveCfg = Debug|Any CPU
		{DBFE8B3C-20DF-4CE1-BED1-BF153FD5C261}.Debug|Any CPU.Build.0 = Debug|Any CPU
		{DBFE8B3C-20DF-4CE1-BED1-BF153FD5C261}.Release|Any CPU.ActiveCfg = Release|Any CPU
		{DBFE8B3C-20DF-4CE1-BED1-BF153FD5C261}.Release|Any CPU.Build.0 = Release|Any CPU
	EndGlobalSection
	GlobalSection(SolutionProperties) = preSolution
		HideSolutionNode = FALSE
	EndGlobalSection
	GlobalSection(ExtensibilityGlobals) = postSolution
		SolutionGuid = {304FE897-8A5F-4B42-B953-40B606B6B91C}
	EndGlobalSection
EndGlobal
