
Microsoft Visual Studio Solution File, Format Version 12.00
# Visual Studio Version 17
VisualStudioVersion = 17.6.33829.357
MinimumVisualStudioVersion = 10.0.40219.1
Project("{FAE04EC0-301F-11D3-BF4B-00C04F79EFBC}") = "IEnumerabledeT", "IEnumerabledeT\IEnumerabledeT.csproj", "{2AE07EBE-6DFD-449A-9BB7-7BAD53984A5A}"
EndProject
Global
	GlobalSection(SolutionConfigurationPlatforms) = preSolution
		Debug|Any CPU = Debug|Any CPU
		Release|Any CPU = Release|Any CPU
	EndGlobalSection
	GlobalSection(ProjectConfigurationPlatforms) = postSolution
		{2AE07EBE-6DFD-449A-9BB7-7BAD53984A5A}.Debug|Any CPU.ActiveCfg = Debug|Any CPU
		{2AE07EBE-6DFD-449A-9BB7-7BAD53984A5A}.Debug|Any CPU.Build.0 = Debug|Any CPU
		{2AE07EBE-6DFD-449A-9BB7-7BAD53984A5A}.Release|Any CPU.ActiveCfg = Release|Any CPU
		{2AE07EBE-6DFD-449A-9BB7-7BAD53984A5A}.Release|Any CPU.Build.0 = Release|Any CPU
	EndGlobalSection
	GlobalSection(SolutionProperties) = preSolution
		HideSolutionNode = FALSE
	EndGlobalSection
	GlobalSection(ExtensibilityGlobals) = postSolution
		SolutionGuid = {0D252896-6472-43E7-92E2-9F3AF19C69E5}
	EndGlobalSection
EndGlobal
