
Microsoft Visual Studio Solution File, Format Version 12.00
# Visual Studio Version 17
VisualStudioVersion = 17.7.34003.232
MinimumVisualStudioVersion = 10.0.40219.1
Project("{FAE04EC0-301F-11D3-BF4B-00C04F79EFBC}") = "TiposGenericos", "TiposGenericos\TiposGenericos.csproj", "{ED3F2682-0712-4666-B4B2-2AF9E16622EC}"
EndProject
Global
	GlobalSection(SolutionConfigurationPlatforms) = preSolution
		Debug|Any CPU = Debug|Any CPU
		Release|Any CPU = Release|Any CPU
	EndGlobalSection
	GlobalSection(ProjectConfigurationPlatforms) = postSolution
		{ED3F2682-0712-4666-B4B2-2AF9E16622EC}.Debug|Any CPU.ActiveCfg = Debug|Any CPU
		{ED3F2682-0712-4666-B4B2-2AF9E16622EC}.Debug|Any CPU.Build.0 = Debug|Any CPU
		{ED3F2682-0712-4666-B4B2-2AF9E16622EC}.Release|Any CPU.ActiveCfg = Release|Any CPU
		{ED3F2682-0712-4666-B4B2-2AF9E16622EC}.Release|Any CPU.Build.0 = Release|Any CPU
	EndGlobalSection
	GlobalSection(SolutionProperties) = preSolution
		HideSolutionNode = FALSE
	EndGlobalSection
	GlobalSection(ExtensibilityGlobals) = postSolution
		SolutionGuid = {2C9D9399-E334-44C2-8CB0-2242AB4C6A19}
	EndGlobalSection
EndGlobal
