
Microsoft Visual Studio Solution File, Format Version 12.00
# Visual Studio 15
VisualStudioVersion = 15.0.28307.1169
MinimumVisualStudioVersion = 10.0.40219.1
Project("{FAE04EC0-301F-11D3-BF4B-00C04F79EFBC}") = "ExercicioProposto2", "ExercicioProposto2\ExercicioProposto2.csproj", "{B5E16A76-0BBA-4A8D-B0BB-71496C2C19E5}"
EndProject
Global
	GlobalSection(SolutionConfigurationPlatforms) = preSolution
		Debug|Any CPU = Debug|Any CPU
		Release|Any CPU = Release|Any CPU
	EndGlobalSection
	GlobalSection(ProjectConfigurationPlatforms) = postSolution
		{B5E16A76-0BBA-4A8D-B0BB-71496C2C19E5}.Debug|Any CPU.ActiveCfg = Debug|Any CPU
		{B5E16A76-0BBA-4A8D-B0BB-71496C2C19E5}.Debug|Any CPU.Build.0 = Debug|Any CPU
		{B5E16A76-0BBA-4A8D-B0BB-71496C2C19E5}.Release|Any CPU.ActiveCfg = Release|Any CPU
		{B5E16A76-0BBA-4A8D-B0BB-71496C2C19E5}.Release|Any CPU.Build.0 = Release|Any CPU
	EndGlobalSection
	GlobalSection(SolutionProperties) = preSolution
		HideSolutionNode = FALSE
	EndGlobalSection
	GlobalSection(ExtensibilityGlobals) = postSolution
		SolutionGuid = {637BACC9-A383-4A2A-8A80-9A20913BB508}
	EndGlobalSection
EndGlobal
