
Microsoft Visual Studio Solution File, Format Version 12.00
# Visual Studio 15
VisualStudioVersion = 15.0.28307.1169
MinimumVisualStudioVersion = 10.0.40219.1
Project("{FAE04EC0-301F-11D3-BF4B-00C04F79EFBC}") = "ExercicioProposto", "ExercicioProposto\ExercicioProposto.csproj", "{1195E588-9EBB-4DDD-A45C-261165D7E64C}"
EndProject
Global
	GlobalSection(SolutionConfigurationPlatforms) = preSolution
		Debug|Any CPU = Debug|Any CPU
		Release|Any CPU = Release|Any CPU
	EndGlobalSection
	GlobalSection(ProjectConfigurationPlatforms) = postSolution
		{1195E588-9EBB-4DDD-A45C-261165D7E64C}.Debug|Any CPU.ActiveCfg = Debug|Any CPU
		{1195E588-9EBB-4DDD-A45C-261165D7E64C}.Debug|Any CPU.Build.0 = Debug|Any CPU
		{1195E588-9EBB-4DDD-A45C-261165D7E64C}.Release|Any CPU.ActiveCfg = Release|Any CPU
		{1195E588-9EBB-4DDD-A45C-261165D7E64C}.Release|Any CPU.Build.0 = Release|Any CPU
	EndGlobalSection
	GlobalSection(SolutionProperties) = preSolution
		HideSolutionNode = FALSE
	EndGlobalSection
	GlobalSection(ExtensibilityGlobals) = postSolution
		SolutionGuid = {194F7D61-96E6-4509-97D1-142CEB0E9F98}
	EndGlobalSection
EndGlobal
